
Microsoft Visual Studio Solution File, Format Version 12.00
# Visual Studio Version 17
VisualStudioVersion = 17.4.32912.340
MinimumVisualStudioVersion = 10.0.40219.1
Project("{FAE04EC0-301F-11D3-BF4B-00C04F79EFBC}") = "GridDemoApp2", "GridDemoApp2\GridDemoApp2.csproj", "{2CADC112-1BD0-4BF3-A620-AFEA44871AA9}"
EndProject
Global
	GlobalSection(SolutionConfigurationPlatforms) = preSolution
		Debug|Any CPU = Debug|Any CPU
		Release|Any CPU = Release|Any CPU
	EndGlobalSection
	GlobalSection(ProjectConfigurationPlatforms) = postSolution
		{2CADC112-1BD0-4BF3-A620-AFEA44871AA9}.Debug|Any CPU.ActiveCfg = Debug|Any CPU
		{2CADC112-1BD0-4BF3-A620-AFEA44871AA9}.Debug|Any CPU.Build.0 = Debug|Any CPU
		{2CADC112-1BD0-4BF3-A620-AFEA44871AA9}.Release|Any CPU.ActiveCfg = Release|Any CPU
		{2CADC112-1BD0-4BF3-A620-AFEA44871AA9}.Release|Any CPU.Build.0 = Release|Any CPU
	EndGlobalSection
	GlobalSection(SolutionProperties) = preSolution
		HideSolutionNode = FALSE
	EndGlobalSection
	GlobalSection(ExtensibilityGlobals) = postSolution
		SolutionGuid = {9990E7EC-BA1F-4C0A-8048-D36C12E574F0}
	EndGlobalSection
EndGlobal
